
Microsoft Visual Studio Solution File, Format Version 12.00
# Visual Studio Version 17
VisualStudioVersion = 17.0.31903.59
MinimumVisualStudioVersion = 10.0.40219.1
Project("{FAE04EC0-301F-11D3-BF4B-00C04F79EFBC}") = "Besdk.Runtime", "src\Besdk.Runtime.csproj", "{A533E93C-6E7D-4E46-A3E8-B9D133A717F4}"
EndProject
Project("{FAE04EC0-301F-11D3-BF4B-00C04F79EFBC}") = "Besdk.Runtime.Tests", "tests\Besdk.Runtime.Tests.csproj", "{146AC030-1E88-45F0-A21D-65016367DAA0}"
EndProject
Global
	GlobalSection(SolutionConfigurationPlatforms) = preSolution
		Debug|Any CPU = Debug|Any CPU
		Release|Any CPU = Release|Any CPU
	EndGlobalSection
	GlobalSection(SolutionProperties) = preSolution
		HideSolutionNode = FALSE
	EndGlobalSection
	GlobalSection(ProjectConfigurationPlatforms) = postSolution
		{A533E93C-6E7D-4E46-A3E8-B9D133A717F4}.Debug|Any CPU.ActiveCfg = Debug|Any CPU
		{A533E93C-6E7D-4E46-A3E8-B9D133A717F4}.Debug|Any CPU.Build.0 = Debug|Any CPU
		{A533E93C-6E7D-4E46-A3E8-B9D133A717F4}.Release|Any CPU.ActiveCfg = Release|Any CPU
		{A533E93C-6E7D-4E46-A3E8-B9D133A717F4}.Release|Any CPU.Build.0 = Release|Any CPU
		{146AC030-1E88-45F0-A21D-65016367DAA0}.Debug|Any CPU.ActiveCfg = Debug|Any CPU
		{146AC030-1E88-45F0-A21D-65016367DAA0}.Debug|Any CPU.Build.0 = Debug|Any CPU
		{146AC030-1E88-45F0-A21D-65016367DAA0}.Release|Any CPU.ActiveCfg = Release|Any CPU
		{146AC030-1E88-45F0-A21D-65016367DAA0}.Release|Any CPU.Build.0 = Release|Any CPU
	EndGlobalSection
EndGlobal
